
Microsoft Visual Studio Solution File, Format Version 12.00
# Visual Studio 15
VisualStudioVersion = 15.0.26430.13
MinimumVisualStudioVersion = 10.0.40219.1
Project("{FAE04EC0-301F-11D3-BF4B-00C04F79EFBC}") = "Console.Dev", "Console.Dev\Console.Dev.csproj", "{182F426D-A568-4D44-89AF-C9FD13F5954E}"
EndProject
Project("{FAE04EC0-301F-11D3-BF4B-00C04F79EFBC}") = "NuLibrary.Migration", "NuLibrary.Migration\NuLibrary.Migration.csproj", "{4DE7186F-881D-45EC-B206-8B5A4F2051B2}"
EndProject
Project("{FAE04EC0-301F-11D3-BF4B-00C04F79EFBC}") = "NuLibrary.Migration.Test", "NuLibrary.Migration.Test\NuLibrary.Migration.Test.csproj", "{1382BED4-738B-49EC-9AFF-C135F20FCD51}"
EndProject
Project("{FAE04EC0-301F-11D3-BF4B-00C04F79EFBC}") = "MigrationApp", "MigrationApp\MigrationApp.csproj", "{69DB4FD6-3EC4-4FF2-A7C0-94505FAC9212}"
EndProject
Project("{930C7802-8A8C-48F9-8165-68863BCCD9DD}") = "MigrationApp.Setup", "MigrationApp.Setup\MigrationApp.Setup.wixproj", "{54AB6D5A-0A69-4ED6-9FBC-4F3FC10D319E}"
EndProject
Global
	GlobalSection(SolutionConfigurationPlatforms) = preSolution
		Crib|Any CPU = Crib|Any CPU
		Crib|x86 = Crib|x86
		Debug|Any CPU = Debug|Any CPU
		Debug|x86 = Debug|x86
		LocalDev|Any CPU = LocalDev|Any CPU
		LocalDev|x86 = LocalDev|x86
		Localhost|Any CPU = Localhost|Any CPU
		Localhost|x86 = Localhost|x86
		Release|Any CPU = Release|Any CPU
		Release|x86 = Release|x86
	EndGlobalSection
	GlobalSection(ProjectConfigurationPlatforms) = postSolution
		{182F426D-A568-4D44-89AF-C9FD13F5954E}.Crib|Any CPU.ActiveCfg = Crib|Any CPU
		{182F426D-A568-4D44-89AF-C9FD13F5954E}.Crib|Any CPU.Build.0 = Crib|Any CPU
		{182F426D-A568-4D44-89AF-C9FD13F5954E}.Crib|x86.ActiveCfg = Crib|Any CPU
		{182F426D-A568-4D44-89AF-C9FD13F5954E}.Crib|x86.Build.0 = Crib|Any CPU
		{182F426D-A568-4D44-89AF-C9FD13F5954E}.Debug|Any CPU.ActiveCfg = Debug|Any CPU
		{182F426D-A568-4D44-89AF-C9FD13F5954E}.Debug|Any CPU.Build.0 = Debug|Any CPU
		{182F426D-A568-4D44-89AF-C9FD13F5954E}.Debug|x86.ActiveCfg = Debug|Any CPU
		{182F426D-A568-4D44-89AF-C9FD13F5954E}.Debug|x86.Build.0 = Debug|Any CPU
		{182F426D-A568-4D44-89AF-C9FD13F5954E}.LocalDev|Any CPU.ActiveCfg = LocalDev|Any CPU
		{182F426D-A568-4D44-89AF-C9FD13F5954E}.LocalDev|Any CPU.Build.0 = LocalDev|Any CPU
		{182F426D-A568-4D44-89AF-C9FD13F5954E}.LocalDev|x86.ActiveCfg = LocalDev|Any CPU
		{182F426D-A568-4D44-89AF-C9FD13F5954E}.LocalDev|x86.Build.0 = LocalDev|Any CPU
		{182F426D-A568-4D44-89AF-C9FD13F5954E}.Localhost|Any CPU.ActiveCfg = Localhost|Any CPU
		{182F426D-A568-4D44-89AF-C9FD13F5954E}.Localhost|Any CPU.Build.0 = Localhost|Any CPU
		{182F426D-A568-4D44-89AF-C9FD13F5954E}.Localhost|x86.ActiveCfg = Localhost|Any CPU
		{182F426D-A568-4D44-89AF-C9FD13F5954E}.Localhost|x86.Build.0 = Localhost|Any CPU
		{182F426D-A568-4D44-89AF-C9FD13F5954E}.Release|Any CPU.ActiveCfg = Release|Any CPU
		{182F426D-A568-4D44-89AF-C9FD13F5954E}.Release|Any CPU.Build.0 = Release|Any CPU
		{182F426D-A568-4D44-89AF-C9FD13F5954E}.Release|x86.ActiveCfg = Release|Any CPU
		{182F426D-A568-4D44-89AF-C9FD13F5954E}.Release|x86.Build.0 = Release|Any CPU
		{4DE7186F-881D-45EC-B206-8B5A4F2051B2}.Crib|Any CPU.ActiveCfg = Crib|Any CPU
		{4DE7186F-881D-45EC-B206-8B5A4F2051B2}.Crib|Any CPU.Build.0 = Crib|Any CPU
		{4DE7186F-881D-45EC-B206-8B5A4F2051B2}.Crib|x86.ActiveCfg = Crib|Any CPU
		{4DE7186F-881D-45EC-B206-8B5A4F2051B2}.Crib|x86.Build.0 = Crib|Any CPU
		{4DE7186F-881D-45EC-B206-8B5A4F2051B2}.Debug|Any CPU.ActiveCfg = Debug|Any CPU
		{4DE7186F-881D-45EC-B206-8B5A4F2051B2}.Debug|Any CPU.Build.0 = Debug|Any CPU
		{4DE7186F-881D-45EC-B206-8B5A4F2051B2}.Debug|x86.ActiveCfg = Debug|Any CPU
		{4DE7186F-881D-45EC-B206-8B5A4F2051B2}.Debug|x86.Build.0 = Debug|Any CPU
		{4DE7186F-881D-45EC-B206-8B5A4F2051B2}.LocalDev|Any CPU.ActiveCfg = LocalDev|Any CPU
		{4DE7186F-881D-45EC-B206-8B5A4F2051B2}.LocalDev|Any CPU.Build.0 = LocalDev|Any CPU
		{4DE7186F-881D-45EC-B206-8B5A4F2051B2}.LocalDev|x86.ActiveCfg = LocalDev|Any CPU
		{4DE7186F-881D-45EC-B206-8B5A4F2051B2}.LocalDev|x86.Build.0 = LocalDev|Any CPU
		{4DE7186F-881D-45EC-B206-8B5A4F2051B2}.Localhost|Any CPU.ActiveCfg = Localhost|Any CPU
		{4DE7186F-881D-45EC-B206-8B5A4F2051B2}.Localhost|Any CPU.Build.0 = Localhost|Any CPU
		{4DE7186F-881D-45EC-B206-8B5A4F2051B2}.Localhost|x86.ActiveCfg = Localhost|Any CPU
		{4DE7186F-881D-45EC-B206-8B5A4F2051B2}.Localhost|x86.Build.0 = Localhost|Any CPU
		{4DE7186F-881D-45EC-B206-8B5A4F2051B2}.Release|Any CPU.ActiveCfg = Release|Any CPU
		{4DE7186F-881D-45EC-B206-8B5A4F2051B2}.Release|Any CPU.Build.0 = Release|Any CPU
		{4DE7186F-881D-45EC-B206-8B5A4F2051B2}.Release|x86.ActiveCfg = Release|Any CPU
		{4DE7186F-881D-45EC-B206-8B5A4F2051B2}.Release|x86.Build.0 = Release|Any CPU
		{1382BED4-738B-49EC-9AFF-C135F20FCD51}.Crib|Any CPU.ActiveCfg = Crib|Any CPU
		{1382BED4-738B-49EC-9AFF-C135F20FCD51}.Crib|Any CPU.Build.0 = Crib|Any CPU
		{1382BED4-738B-49EC-9AFF-C135F20FCD51}.Crib|x86.ActiveCfg = Crib|Any CPU
		{1382BED4-738B-49EC-9AFF-C135F20FCD51}.Crib|x86.Build.0 = Crib|Any CPU
		{1382BED4-738B-49EC-9AFF-C135F20FCD51}.Debug|Any CPU.ActiveCfg = Debug|Any CPU
		{1382BED4-738B-49EC-9AFF-C135F20FCD51}.Debug|Any CPU.Build.0 = Debug|Any CPU
		{1382BED4-738B-49EC-9AFF-C135F20FCD51}.Debug|x86.ActiveCfg = Debug|Any CPU
		{1382BED4-738B-49EC-9AFF-C135F20FCD51}.Debug|x86.Build.0 = Debug|Any CPU
		{1382BED4-738B-49EC-9AFF-C135F20FCD51}.LocalDev|Any CPU.ActiveCfg = LocalDev|Any CPU
		{1382BED4-738B-49EC-9AFF-C135F20FCD51}.LocalDev|Any CPU.Build.0 = LocalDev|Any CPU
		{1382BED4-738B-49EC-9AFF-C135F20FCD51}.LocalDev|x86.ActiveCfg = LocalDev|Any CPU
		{1382BED4-738B-49EC-9AFF-C135F20FCD51}.LocalDev|x86.Build.0 = LocalDev|Any CPU
		{1382BED4-738B-49EC-9AFF-C135F20FCD51}.Localhost|Any CPU.ActiveCfg = Localhost|Any CPU
		{1382BED4-738B-49EC-9AFF-C135F20FCD51}.Localhost|Any CPU.Build.0 = Localhost|Any CPU
		{1382BED4-738B-49EC-9AFF-C135F20FCD51}.Localhost|x86.ActiveCfg = Localhost|Any CPU
		{1382BED4-738B-49EC-9AFF-C135F20FCD51}.Localhost|x86.Build.0 = Localhost|Any CPU
		{1382BED4-738B-49EC-9AFF-C135F20FCD51}.Release|Any CPU.ActiveCfg = Release|Any CPU
		{1382BED4-738B-49EC-9AFF-C135F20FCD51}.Release|Any CPU.Build.0 = Release|Any CPU
		{1382BED4-738B-49EC-9AFF-C135F20FCD51}.Release|x86.ActiveCfg = Release|Any CPU
		{1382BED4-738B-49EC-9AFF-C135F20FCD51}.Release|x86.Build.0 = Release|Any CPU
		{69DB4FD6-3EC4-4FF2-A7C0-94505FAC9212}.Crib|Any CPU.ActiveCfg = Crib|Any CPU
		{69DB4FD6-3EC4-4FF2-A7C0-94505FAC9212}.Crib|Any CPU.Build.0 = Crib|Any CPU
		{69DB4FD6-3EC4-4FF2-A7C0-94505FAC9212}.Crib|x86.ActiveCfg = Crib|Any CPU
		{69DB4FD6-3EC4-4FF2-A7C0-94505FAC9212}.Crib|x86.Build.0 = Crib|Any CPU
		{69DB4FD6-3EC4-4FF2-A7C0-94505FAC9212}.Debug|Any CPU.ActiveCfg = Debug|Any CPU
		{69DB4FD6-3EC4-4FF2-A7C0-94505FAC9212}.Debug|Any CPU.Build.0 = Debug|Any CPU
		{69DB4FD6-3EC4-4FF2-A7C0-94505FAC9212}.Debug|x86.ActiveCfg = Debug|Any CPU
		{69DB4FD6-3EC4-4FF2-A7C0-94505FAC9212}.Debug|x86.Build.0 = Debug|Any CPU
		{69DB4FD6-3EC4-4FF2-A7C0-94505FAC9212}.LocalDev|Any CPU.ActiveCfg = LocalDev|Any CPU
		{69DB4FD6-3EC4-4FF2-A7C0-94505FAC9212}.LocalDev|Any CPU.Build.0 = LocalDev|Any CPU
		{69DB4FD6-3EC4-4FF2-A7C0-94505FAC9212}.LocalDev|x86.ActiveCfg = LocalDev|Any CPU
		{69DB4FD6-3EC4-4FF2-A7C0-94505FAC9212}.LocalDev|x86.Build.0 = LocalDev|Any CPU
		{69DB4FD6-3EC4-4FF2-A7C0-94505FAC9212}.Localhost|Any CPU.ActiveCfg = Localhost|Any CPU
		{69DB4FD6-3EC4-4FF2-A7C0-94505FAC9212}.Localhost|Any CPU.Build.0 = Localhost|Any CPU
		{69DB4FD6-3EC4-4FF2-A7C0-94505FAC9212}.Localhost|x86.ActiveCfg = Localhost|Any CPU
		{69DB4FD6-3EC4-4FF2-A7C0-94505FAC9212}.Localhost|x86.Build.0 = Localhost|Any CPU
		{69DB4FD6-3EC4-4FF2-A7C0-94505FAC9212}.Release|Any CPU.ActiveCfg = Release|Any CPU
		{69DB4FD6-3EC4-4FF2-A7C0-94505FAC9212}.Release|Any CPU.Build.0 = Release|Any CPU
		{69DB4FD6-3EC4-4FF2-A7C0-94505FAC9212}.Release|x86.ActiveCfg = Release|Any CPU
		{69DB4FD6-3EC4-4FF2-A7C0-94505FAC9212}.Release|x86.Build.0 = Release|Any CPU
		{54AB6D5A-0A69-4ED6-9FBC-4F3FC10D319E}.Crib|Any CPU.ActiveCfg = Release|x86
		{54AB6D5A-0A69-4ED6-9FBC-4F3FC10D319E}.Crib|Any CPU.Build.0 = Release|x86
		{54AB6D5A-0A69-4ED6-9FBC-4F3FC10D319E}.Crib|x86.ActiveCfg = Release|x86
		{54AB6D5A-0A69-4ED6-9FBC-4F3FC10D319E}.Crib|x86.Build.0 = Release|x86
		{54AB6D5A-0A69-4ED6-9FBC-4F3FC10D319E}.Debug|Any CPU.ActiveCfg = Debug|x86
		{54AB6D5A-0A69-4ED6-9FBC-4F3FC10D319E}.Debug|x86.ActiveCfg = Debug|x86
		{54AB6D5A-0A69-4ED6-9FBC-4F3FC10D319E}.Debug|x86.Build.0 = Debug|x86
		{54AB6D5A-0A69-4ED6-9FBC-4F3FC10D319E}.LocalDev|Any CPU.ActiveCfg = Release|x86
		{54AB6D5A-0A69-4ED6-9FBC-4F3FC10D319E}.LocalDev|Any CPU.Build.0 = Release|x86
		{54AB6D5A-0A69-4ED6-9FBC-4F3FC10D319E}.LocalDev|x86.ActiveCfg = Release|x86
		{54AB6D5A-0A69-4ED6-9FBC-4F3FC10D319E}.LocalDev|x86.Build.0 = Release|x86
		{54AB6D5A-0A69-4ED6-9FBC-4F3FC10D319E}.Localhost|Any CPU.ActiveCfg = Release|x86
		{54AB6D5A-0A69-4ED6-9FBC-4F3FC10D319E}.Localhost|Any CPU.Build.0 = Release|x86
		{54AB6D5A-0A69-4ED6-9FBC-4F3FC10D319E}.Localhost|x86.ActiveCfg = Release|x86
		{54AB6D5A-0A69-4ED6-9FBC-4F3FC10D319E}.Localhost|x86.Build.0 = Release|x86
		{54AB6D5A-0A69-4ED6-9FBC-4F3FC10D319E}.Release|Any CPU.ActiveCfg = Release|x86
		{54AB6D5A-0A69-4ED6-9FBC-4F3FC10D319E}.Release|x86.ActiveCfg = Release|x86
		{54AB6D5A-0A69-4ED6-9FBC-4F3FC10D319E}.Release|x86.Build.0 = Release|x86
	EndGlobalSection
	GlobalSection(SolutionProperties) = preSolution
		HideSolutionNode = FALSE
	EndGlobalSection
EndGlobal
