
Microsoft Visual Studio Solution File, Format Version 12.00
# Visual Studio 15
VisualStudioVersion = 15.0.26228.10
MinimumVisualStudioVersion = 10.0.40219.1
Project("{FAE04EC0-301F-11D3-BF4B-00C04F79EFBC}") = "Console.Dev", "Console.Dev\Console.Dev.csproj", "{182F426D-A568-4D44-89AF-C9FD13F5954E}"
EndProject
Project("{FAE04EC0-301F-11D3-BF4B-00C04F79EFBC}") = "NuLibrary.Migration", "NuLibrary.Migration\NuLibrary.Migration.csproj", "{4DE7186F-881D-45EC-B206-8B5A4F2051B2}"
EndProject
Project("{FAE04EC0-301F-11D3-BF4B-00C04F79EFBC}") = "NuLibrary.Migration.Test", "NuLibrary.Migration.Test\NuLibrary.Migration.Test.csproj", "{1382BED4-738B-49EC-9AFF-C135F20FCD51}"
EndProject
Project("{FAE04EC0-301F-11D3-BF4B-00C04F79EFBC}") = "MigrationApp", "MigrationApp\MigrationApp.csproj", "{69DB4FD6-3EC4-4FF2-A7C0-94505FAC9212}"
EndProject
Global
	GlobalSection(SolutionConfigurationPlatforms) = preSolution
		Crib|Any CPU = Crib|Any CPU
		Debug|Any CPU = Debug|Any CPU
		LocalDev|Any CPU = LocalDev|Any CPU
		Localhost|Any CPU = Localhost|Any CPU
		Release|Any CPU = Release|Any CPU
	EndGlobalSection
	GlobalSection(ProjectConfigurationPlatforms) = postSolution
		{182F426D-A568-4D44-89AF-C9FD13F5954E}.Crib|Any CPU.ActiveCfg = Crib|Any CPU
		{182F426D-A568-4D44-89AF-C9FD13F5954E}.Crib|Any CPU.Build.0 = Crib|Any CPU
		{182F426D-A568-4D44-89AF-C9FD13F5954E}.Debug|Any CPU.ActiveCfg = Debug|Any CPU
		{182F426D-A568-4D44-89AF-C9FD13F5954E}.Debug|Any CPU.Build.0 = Debug|Any CPU
		{182F426D-A568-4D44-89AF-C9FD13F5954E}.LocalDev|Any CPU.ActiveCfg = LocalDev|Any CPU
		{182F426D-A568-4D44-89AF-C9FD13F5954E}.LocalDev|Any CPU.Build.0 = LocalDev|Any CPU
		{182F426D-A568-4D44-89AF-C9FD13F5954E}.Localhost|Any CPU.ActiveCfg = Localhost|Any CPU
		{182F426D-A568-4D44-89AF-C9FD13F5954E}.Localhost|Any CPU.Build.0 = Localhost|Any CPU
		{182F426D-A568-4D44-89AF-C9FD13F5954E}.Release|Any CPU.ActiveCfg = Release|Any CPU
		{182F426D-A568-4D44-89AF-C9FD13F5954E}.Release|Any CPU.Build.0 = Release|Any CPU
		{4DE7186F-881D-45EC-B206-8B5A4F2051B2}.Crib|Any CPU.ActiveCfg = Crib|Any CPU
		{4DE7186F-881D-45EC-B206-8B5A4F2051B2}.Crib|Any CPU.Build.0 = Crib|Any CPU
		{4DE7186F-881D-45EC-B206-8B5A4F2051B2}.Debug|Any CPU.ActiveCfg = Debug|Any CPU
		{4DE7186F-881D-45EC-B206-8B5A4F2051B2}.Debug|Any CPU.Build.0 = Debug|Any CPU
		{4DE7186F-881D-45EC-B206-8B5A4F2051B2}.LocalDev|Any CPU.ActiveCfg = LocalDev|Any CPU
		{4DE7186F-881D-45EC-B206-8B5A4F2051B2}.LocalDev|Any CPU.Build.0 = LocalDev|Any CPU
		{4DE7186F-881D-45EC-B206-8B5A4F2051B2}.Localhost|Any CPU.ActiveCfg = Localhost|Any CPU
		{4DE7186F-881D-45EC-B206-8B5A4F2051B2}.Localhost|Any CPU.Build.0 = Localhost|Any CPU
		{4DE7186F-881D-45EC-B206-8B5A4F2051B2}.Release|Any CPU.ActiveCfg = Release|Any CPU
		{4DE7186F-881D-45EC-B206-8B5A4F2051B2}.Release|Any CPU.Build.0 = Release|Any CPU
		{1382BED4-738B-49EC-9AFF-C135F20FCD51}.Crib|Any CPU.ActiveCfg = Crib|Any CPU
		{1382BED4-738B-49EC-9AFF-C135F20FCD51}.Crib|Any CPU.Build.0 = Crib|Any CPU
		{1382BED4-738B-49EC-9AFF-C135F20FCD51}.Debug|Any CPU.ActiveCfg = Debug|Any CPU
		{1382BED4-738B-49EC-9AFF-C135F20FCD51}.Debug|Any CPU.Build.0 = Debug|Any CPU
		{1382BED4-738B-49EC-9AFF-C135F20FCD51}.LocalDev|Any CPU.ActiveCfg = LocalDev|Any CPU
		{1382BED4-738B-49EC-9AFF-C135F20FCD51}.LocalDev|Any CPU.Build.0 = LocalDev|Any CPU
		{1382BED4-738B-49EC-9AFF-C135F20FCD51}.Localhost|Any CPU.ActiveCfg = Localhost|Any CPU
		{1382BED4-738B-49EC-9AFF-C135F20FCD51}.Localhost|Any CPU.Build.0 = Localhost|Any CPU
		{1382BED4-738B-49EC-9AFF-C135F20FCD51}.Release|Any CPU.ActiveCfg = Release|Any CPU
		{1382BED4-738B-49EC-9AFF-C135F20FCD51}.Release|Any CPU.Build.0 = Release|Any CPU
		{69DB4FD6-3EC4-4FF2-A7C0-94505FAC9212}.Crib|Any CPU.ActiveCfg = Crib|Any CPU
		{69DB4FD6-3EC4-4FF2-A7C0-94505FAC9212}.Crib|Any CPU.Build.0 = Crib|Any CPU
		{69DB4FD6-3EC4-4FF2-A7C0-94505FAC9212}.Debug|Any CPU.ActiveCfg = Debug|Any CPU
		{69DB4FD6-3EC4-4FF2-A7C0-94505FAC9212}.Debug|Any CPU.Build.0 = Debug|Any CPU
		{69DB4FD6-3EC4-4FF2-A7C0-94505FAC9212}.LocalDev|Any CPU.ActiveCfg = LocalDev|Any CPU
		{69DB4FD6-3EC4-4FF2-A7C0-94505FAC9212}.LocalDev|Any CPU.Build.0 = LocalDev|Any CPU
		{69DB4FD6-3EC4-4FF2-A7C0-94505FAC9212}.Localhost|Any CPU.ActiveCfg = Localhost|Any CPU
		{69DB4FD6-3EC4-4FF2-A7C0-94505FAC9212}.Localhost|Any CPU.Build.0 = Localhost|Any CPU
		{69DB4FD6-3EC4-4FF2-A7C0-94505FAC9212}.Release|Any CPU.ActiveCfg = Release|Any CPU
		{69DB4FD6-3EC4-4FF2-A7C0-94505FAC9212}.Release|Any CPU.Build.0 = Release|Any CPU
	EndGlobalSection
	GlobalSection(SolutionProperties) = preSolution
		HideSolutionNode = FALSE
	EndGlobalSection
EndGlobal
